Microsoft Visual Studio Solution File, Format Version 12.00
# Visual Studio Version 17
VisualStudioVersion = 17.5.2.0
MinimumVisualStudioVersion = 10.0.40219.1
Project("{FAE04EC0-301F-11D3-BF4B-00C04F79EFBC}") = "SpotPlusApi", "SpotPlusApi.csproj", "{A55BCF41-E63D-7981-84B8-17ABB73DABD8}"
EndProject
Global
	GlobalSection(SolutionConfigurationPlatforms) = preSolution
		Debug|Any CPU = Debug|Any CPU
		Release|Any CPU = Release|Any CPU
	EndGlobalSection
	GlobalSection(ProjectConfigurationPlatforms) = postSolution
		{A55BCF41-E63D-7981-84B8-17ABB73DABD8}.Debug|Any CPU.ActiveCfg = Debug|Any CPU
		{A55BCF41-E63D-7981-84B8-17ABB73DABD8}.Debug|Any CPU.Build.0 = Debug|Any CPU
		{A55BCF41-E63D-7981-84B8-17ABB73DABD8}.Release|Any CPU.ActiveCfg = Release|Any CPU
		{A55BCF41-E63D-7981-84B8-17ABB73DABD8}.Release|Any CPU.Build.0 = Release|Any CPU
	EndGlobalSection
	GlobalSection(SolutionProperties) = preSolution
		HideSolutionNode = FALSE
	EndGlobalSection
	GlobalSection(ExtensibilityGlobals) = postSolution
		SolutionGuid = {99DF6AF3-05A6-4536-96C7-D8541A49FD8C}
	EndGlobalSection
EndGlobal
